
Microsoft Visual Studio Solution File, Format Version 12.00
# Visual Studio Version 16
VisualStudioVersion = 16.0.31205.134
MinimumVisualStudioVersion = 10.0.40219.1
Project("{FAE04EC0-301F-11D3-BF4B-00C04F79EFBC}") = "Imitation10", "Imitation10\Imitation10.csproj", "{FF12F66E-7833-4FD1-BE4D-5F92D24F441E}"
EndProject
Global
	GlobalSection(SolutionConfigurationPlatforms) = preSolution
		Debug|Any CPU = Debug|Any CPU
		Release|Any CPU = Release|Any CPU
	EndGlobalSection
	GlobalSection(ProjectConfigurationPlatforms) = postSolution
		{FF12F66E-7833-4FD1-BE4D-5F92D24F441E}.Debug|Any CPU.ActiveCfg = Debug|Any CPU
		{FF12F66E-7833-4FD1-BE4D-5F92D24F441E}.Debug|Any CPU.Build.0 = Debug|Any CPU
		{FF12F66E-7833-4FD1-BE4D-5F92D24F441E}.Release|Any CPU.ActiveCfg = Release|Any CPU
		{FF12F66E-7833-4FD1-BE4D-5F92D24F441E}.Release|Any CPU.Build.0 = Release|Any CPU
	EndGlobalSection
	GlobalSection(SolutionProperties) = preSolution
		HideSolutionNode = FALSE
	EndGlobalSection
	GlobalSection(ExtensibilityGlobals) = postSolution
		SolutionGuid = {88F86B16-A306-4ED6-BD21-8949B8939D0E}
	EndGlobalSection
EndGlobal
